
Microsoft Visual Studio Solution File, Format Version 12.00
# Visual Studio Version 17
VisualStudioVersion = 17.6.33829.357
MinimumVisualStudioVersion = 10.0.40219.1
Project("{9A19103F-16F7-4668-BE54-9A1E7A4F7556}") = "Entities", "Entities\Entities.csproj", "{33E9FA2F-988F-4994-807D-225BAFB967AE}"
EndProject
Project("{9A19103F-16F7-4668-BE54-9A1E7A4F7556}") = "DataAccess", "DataAccess\DataAccess.csproj", "{F31F401A-B18C-4283-B4AF-7A45181F7AE0}"
EndProject
Project("{9A19103F-16F7-4668-BE54-9A1E7A4F7556}") = "Business", "Business\Business.csproj", "{1EF5B0DB-0F98-497F-86FA-D02007FF2FD7}"
EndProject
Project("{FAE04EC0-301F-11D3-BF4B-00C04F79EFBC}") = "ConsoleUI", "ConsoleUI\ConsoleUI.csproj", "{6B398586-1BF0-46BB-A4DA-50C20ECFF3F7}"
EndProject
Project("{FAE04EC0-301F-11D3-BF4B-00C04F79EFBC}") = "Core", "Core\Core.csproj", "{EBF6F66D-2509-49AF-8BD4-2034FC13DDA6}"
EndProject
Global
	GlobalSection(SolutionConfigurationPlatforms) = preSolution
		Debug|Any CPU = Debug|Any CPU
		Release|Any CPU = Release|Any CPU
	EndGlobalSection
	GlobalSection(ProjectConfigurationPlatforms) = postSolution
		{33E9FA2F-988F-4994-807D-225BAFB967AE}.Debug|Any CPU.ActiveCfg = Debug|Any CPU
		{33E9FA2F-988F-4994-807D-225BAFB967AE}.Debug|Any CPU.Build.0 = Debug|Any CPU
		{33E9FA2F-988F-4994-807D-225BAFB967AE}.Release|Any CPU.ActiveCfg = Release|Any CPU
		{33E9FA2F-988F-4994-807D-225BAFB967AE}.Release|Any CPU.Build.0 = Release|Any CPU
		{F31F401A-B18C-4283-B4AF-7A45181F7AE0}.Debug|Any CPU.ActiveCfg = Debug|Any CPU
		{F31F401A-B18C-4283-B4AF-7A45181F7AE0}.Debug|Any CPU.Build.0 = Debug|Any CPU
		{F31F401A-B18C-4283-B4AF-7A45181F7AE0}.Release|Any CPU.ActiveCfg = Release|Any CPU
		{F31F401A-B18C-4283-B4AF-7A45181F7AE0}.Release|Any CPU.Build.0 = Release|Any CPU
		{1EF5B0DB-0F98-497F-86FA-D02007FF2FD7}.Debug|Any CPU.ActiveCfg = Debug|Any CPU
		{1EF5B0DB-0F98-497F-86FA-D02007FF2FD7}.Debug|Any CPU.Build.0 = Debug|Any CPU
		{1EF5B0DB-0F98-497F-86FA-D02007FF2FD7}.Release|Any CPU.ActiveCfg = Release|Any CPU
		{1EF5B0DB-0F98-497F-86FA-D02007FF2FD7}.Release|Any CPU.Build.0 = Release|Any CPU
		{6B398586-1BF0-46BB-A4DA-50C20ECFF3F7}.Debug|Any CPU.ActiveCfg = Debug|Any CPU
		{6B398586-1BF0-46BB-A4DA-50C20ECFF3F7}.Debug|Any CPU.Build.0 = Debug|Any CPU
		{6B398586-1BF0-46BB-A4DA-50C20ECFF3F7}.Release|Any CPU.ActiveCfg = Release|Any CPU
		{6B398586-1BF0-46BB-A4DA-50C20ECFF3F7}.Release|Any CPU.Build.0 = Release|Any CPU
		{EBF6F66D-2509-49AF-8BD4-2034FC13DDA6}.Debug|Any CPU.ActiveCfg = Debug|Any CPU
		{EBF6F66D-2509-49AF-8BD4-2034FC13DDA6}.Debug|Any CPU.Build.0 = Debug|Any CPU
		{EBF6F66D-2509-49AF-8BD4-2034FC13DDA6}.Release|Any CPU.ActiveCfg = Release|Any CPU
		{EBF6F66D-2509-49AF-8BD4-2034FC13DDA6}.Release|Any CPU.Build.0 = Release|Any CPU
	EndGlobalSection
	GlobalSection(SolutionProperties) = preSolution
		HideSolutionNode = FALSE
	EndGlobalSection
	GlobalSection(ExtensibilityGlobals) = postSolution
		SolutionGuid = {57FC4A8D-52BD-4D60-A61F-725032EBA5D3}
	EndGlobalSection
EndGlobal
